GEM
  remote: https://rubygems.org/
  specs:
    drb (2.2.3)
    json (3.0.2)
    minitest (6.0.6)
      drb (~> 2.0)
      prism (~> 1.5)
    oppen (1.0.0)
    prism (1.9.0)
    ruby_tree_sitter (2.1.1)
      oppen (~> 1.0)
      sorbet-runtime
      zeitwerk
    ruby_tree_sitter (2.1.1-aarch64-linux-gnu)
      oppen (~> 1.0)
      sorbet-runtime
      zeitwerk
    ruby_tree_sitter (2.1.1-arm64-darwin)
      oppen (~> 1.0)
      sorbet-runtime
      zeitwerk
    ruby_tree_sitter (2.1.1-x86_64-linux-gnu)
      oppen (~> 1.0)
      sorbet-runtime
      zeitwerk
    sorbet-runtime (0.6.13550)
    zeitwerk (2.8.3)

PLATFORMS
  aarch64-linux
  arm64-darwin-23
  ruby
  x86_64-linux

DEPENDENCIES
  json (~> 3.0, >= 3.0.2)
  minitest (~> 6.0)
  ruby_tree_sitter (~> 2.1)

CHECKSUMS
  bundler (4.0.20) sha256=7978a8ac648767f5e635bc522445b79e80a52b907a39a36c2d8085ed6bc762ae
  drb (2.2.3) sha256=0b00d6fdb50995fe4a45dea13663493c841112e4068656854646f418fda13373
  json (3.0.2) sha256=8e6d7e7b11384c21230430cef90b71f14849a34a1f4452796670f7c981bd19df
  minitest (6.0.6) sha256=153ea36d1d987a62942382b61075745042a2b3123b1cd48f4c3675af9cc7d6f1
  oppen (1.0.0) sha256=379bf0b35c5e87c5f4139927721fd6c9f561e344a73ce3f658726a609034ddee
  prism (1.9.0) sha256=7b530c6a9f92c24300014919c9dcbc055bf4cdf51ec30aed099b06cd6674ef85
  ruby_tree_sitter (2.1.1) sha256=022c9cd711896032ccc2f21889073f86db5d6045898d3b253d796e006758a4af
  ruby_tree_sitter (2.1.1-aarch64-linux-gnu) sha256=a5d93b676b69b7c0f0421b8a947c41b8c44d7d626b66537d458d066ff8ab8970
  ruby_tree_sitter (2.1.1-arm64-darwin) sha256=3589d94bd6f960f14a39b225e1e57c8a56ad6150a176ebf8afaa6de08bf1c6f4
  ruby_tree_sitter (2.1.1-x86_64-linux-gnu) sha256=a3010251d56edaecf1ef7162fbf18204dde1fda853b2e41c19db7a25cd811f7a
  sorbet-runtime (0.6.13550) sha256=2e1e14d9259063c2020d05652184b831b6a42b2e9d15109954358699e5c25cea
  zeitwerk (2.8.3) sha256=2c85125a8467ce069e20123d1e709a08955c9d29c118c25b46b7b7fafdbb92e5

BUNDLED WITH
  4.0.20
